# Generated by buf. DO NOT EDIT.
version: v2
deps:
  - name: buf.build/agynio/api
    commit: 8f02d52c09214def9e4de04bd62a55b9
    digest: b5:f6fc597c8a90df15ea5d9e33e4828f837b6a82f540434c0359ac717d4e2d0d2ba3ba8851c57b54d0366f25581a48369737e729c7fae6e7a72baa6a39fcf9b498
  - name: buf.build/opentelemetry/opentelemetry
    commit: 5f2c7d4f740541589805e0816dad4bb0
    digest: b5:935626c896cfe0f5efda467869c65df49843190c1d16ad24957d62ae840aef5f5da2474ec5c766e730b2727c6a24b39b5a2a073da70cf3f2611ce7d3934def86
